
Microsoft Visual Studio Solution File, Format Version 12.00
# Visual Studio Version 16
VisualStudioVersion = 16.0.32602.291
MinimumVisualStudioVersion = 10.0.40219.1
Project("{FAE04EC0-301F-11D3-BF4B-00C04F79EFBC}") = "HelloWorldApp", "HelloWorldApp\HelloWorldApp.csproj", "{2779BF87-18B8-4BBE-AB4F-DFB7F5B4C588}"
EndProject
Global
	GlobalSection(SolutionConfigurationPlatforms) = preSolution
		Debug|Any CPU = Debug|Any CPU
		Release|Any CPU = Release|Any CPU
	EndGlobalSection
	GlobalSection(ProjectConfigurationPlatforms) = postSolution
		{2779BF87-18B8-4BBE-AB4F-DFB7F5B4C588}.Debug|Any CPU.ActiveCfg = Debug|Any CPU
		{2779BF87-18B8-4BBE-AB4F-DFB7F5B4C588}.Debug|Any CPU.Build.0 = Debug|Any CPU
		{2779BF87-18B8-4BBE-AB4F-DFB7F5B4C588}.Release|Any CPU.ActiveCfg = Release|Any CPU
		{2779BF87-18B8-4BBE-AB4F-DFB7F5B4C588}.Release|Any CPU.Build.0 = Release|Any CPU
	EndGlobalSection
	GlobalSection(SolutionProperties) = preSolution
		HideSolutionNode = FALSE
	EndGlobalSection
	GlobalSection(ExtensibilityGlobals) = postSolution
		SolutionGuid = {8D5E243D-1126-4103-A2A8-394055A9BE6B}
	EndGlobalSection
EndGlobal
